
Microsoft Visual Studio Solution File, Format Version 12.00
# Visual Studio Version 16
VisualStudioVersion = 16.0.31515.178
MinimumVisualStudioVersion = 10.0.40219.1
Project("{FAE04EC0-301F-11D3-BF4B-00C04F79EFBC}") = "Game", "Game\Game.csproj", "{0F916ABB-F4BA-4397-A12F-2B35DF77D615}"
EndProject
Global
	GlobalSection(SolutionConfigurationPlatforms) = preSolution
		Debug|Any CPU = Debug|Any CPU
		Release|Any CPU = Release|Any CPU
	EndGlobalSection
	GlobalSection(ProjectConfigurationPlatforms) = postSolution
		{0F916ABB-F4BA-4397-A12F-2B35DF77D615}.Debug|Any CPU.ActiveCfg = Debug|Any CPU
		{0F916ABB-F4BA-4397-A12F-2B35DF77D615}.Debug|Any CPU.Build.0 = Debug|Any CPU
		{0F916ABB-F4BA-4397-A12F-2B35DF77D615}.Release|Any CPU.ActiveCfg = Release|Any CPU
		{0F916ABB-F4BA-4397-A12F-2B35DF77D615}.Release|Any CPU.Build.0 = Release|Any CPU
	EndGlobalSection
	GlobalSection(SolutionProperties) = preSolution
		HideSolutionNode = FALSE
	EndGlobalSection
	GlobalSection(ExtensibilityGlobals) = postSolution
		SolutionGuid = {E9A5850F-DF00-4FC8-A8D1-891F19B418DB}
	EndGlobalSection
EndGlobal
